# This file was autogenerated by Stack.
# You should not edit this file by hand.
# For more information, please see the documentation at:
#   https://docs.haskellstack.org/en/stable/lock_files

packages:
- completed:
    hackage: webdriver-w3c-0.0.3@sha256:7bfdd051a934edebfdbc0c7a205e288e5ab85a81f3bed59b0cc5247c473eb191,4439
    pantry-tree:
      sha256: 912dfaf3c6821659d22859b23a5e633fd0fcafb1190e4f4942543ae85168c693
      size: 2217
  original:
    hackage: webdriver-w3c-0.0.3
- completed:
    hackage: script-monad-0.0.4@sha256:a8695fd05e1da772f753eff5b8e032e55e4448c2b084a82a766f96238fc83f2a,2357
    pantry-tree:
      sha256: 84bb54cc403a95f9b4e6a80d3ea4feabb571bacc6e505c74dd2fe99ece72e3f9
      size: 1264
  original:
    hackage: script-monad-0.0.4
snapshots:
- completed:
    sha256: fb482b8e2d5d061cdda4ba1da2957c012740c893a5ee1c1b99001adae7b1fbe7
    size: 640046
    url: https://raw.githubusercontent.com/commercialhaskell/stackage-snapshots/master/lts/21/19.yaml
  original:
    url: https://raw.githubusercontent.com/commercialhaskell/stackage-snapshots/master/lts/21/19.yaml
